
Microsoft Visual Studio Solution File, Format Version 12.00
# Visual Studio 2012
Project("{FAE04EC0-301F-11D3-BF4B-00C04F79EFBC}") = "MerchantGuideToTheGalaxy", "MerchantGuideToTheGalaxy\MerchantGuideToTheGalaxy.csproj", "{B9355138-447A-443A-80B1-3028E1247143}"
EndProject
Project("{FAE04EC0-301F-11D3-BF4B-00C04F79EFBC}") = "Testes", "Testes\Testes.csproj", "{DE17EDF0-8197-4B7C-8E5A-A776229B5A1F}"
EndProject
Global
	GlobalSection(SolutionConfigurationPlatforms) = preSolution
		Debug|Any CPU = Debug|Any CPU
		Release|Any CPU = Release|Any CPU
	EndGlobalSection
	GlobalSection(ProjectConfigurationPlatforms) = postSolution
		{B9355138-447A-443A-80B1-3028E1247143}.Debug|Any CPU.ActiveCfg = Debug|Any CPU
		{B9355138-447A-443A-80B1-3028E1247143}.Debug|Any CPU.Build.0 = Debug|Any CPU
		{B9355138-447A-443A-80B1-3028E1247143}.Release|Any CPU.ActiveCfg = Release|Any CPU
		{B9355138-447A-443A-80B1-3028E1247143}.Release|Any CPU.Build.0 = Release|Any CPU
		{DE17EDF0-8197-4B7C-8E5A-A776229B5A1F}.Debug|Any CPU.ActiveCfg = Debug|Any CPU
		{DE17EDF0-8197-4B7C-8E5A-A776229B5A1F}.Debug|Any CPU.Build.0 = Debug|Any CPU
		{DE17EDF0-8197-4B7C-8E5A-A776229B5A1F}.Release|Any CPU.ActiveCfg = Release|Any CPU
		{DE17EDF0-8197-4B7C-8E5A-A776229B5A1F}.Release|Any CPU.Build.0 = Release|Any CPU
	EndGlobalSection
	GlobalSection(SolutionProperties) = preSolution
		HideSolutionNode = FALSE
	EndGlobalSection
EndGlobal
